
Microsoft Visual Studio Solution File, Format Version 12.00
# Visual Studio Version 17
VisualStudioVersion = 17.5.33414.496
MinimumVisualStudioVersion = 10.0.40219.1
Project("{FAE04EC0-301F-11D3-BF4B-00C04F79EFBC}") = "Atividade14.ControleDeMedicamentos", "Atividade14.ControleDeMedicamentos\Atividade14.ControleDeMedicamentos.csproj", "{FE9A479D-A425-4886-9DB0-7C888C46FE7C}"
EndProject
Global
	GlobalSection(SolutionConfigurationPlatforms) = preSolution
		Debug|Any CPU = Debug|Any CPU
		Release|Any CPU = Release|Any CPU
	EndGlobalSection
	GlobalSection(ProjectConfigurationPlatforms) = postSolution
		{FE9A479D-A425-4886-9DB0-7C888C46FE7C}.Debug|Any CPU.ActiveCfg = Debug|Any CPU
		{FE9A479D-A425-4886-9DB0-7C888C46FE7C}.Debug|Any CPU.Build.0 = Debug|Any CPU
		{FE9A479D-A425-4886-9DB0-7C888C46FE7C}.Release|Any CPU.ActiveCfg = Release|Any CPU
		{FE9A479D-A425-4886-9DB0-7C888C46FE7C}.Release|Any CPU.Build.0 = Release|Any CPU
	EndGlobalSection
	GlobalSection(SolutionProperties) = preSolution
		HideSolutionNode = FALSE
	EndGlobalSection
	GlobalSection(ExtensibilityGlobals) = postSolution
		SolutionGuid = {F1C38E98-1D48-46A3-BEC4-8EAF49443883}
	EndGlobalSection
EndGlobal
